// !$*UTF8*$!
{
	archiveVersion = 1;
	classes = {
	};
	objectVersion = 50;
	objects = {

/* Begin PBXBuildFile section */
		EF29CBC1235EE4390076C454 /* AppDelegate.swift in Sources */ = {isa = PBXBuildFile; fileRef = EF29CBC0235EE4390076C454 /* AppDelegate.swift */; };
		EF29CBC3235EE4390076C454 /* SceneDelegate.swift in Sources */ = {isa = PBXBuildFile; fileRef = EF29CBC2235EE4390076C454 /* SceneDelegate.swift */; };
		EF29CBC5235EE4390076C454 /* TodoListViewController.swift in Sources */ = {isa = PBXBuildFile; fileRef = EF29CBC4235EE4390076C454 /* TodoListViewController.swift */; };
		EF29CBC8235EE4390076C454 /* Main.storyboard in Resources */ = {isa = PBXBuildFile; fileRef = EF29CBC6235EE4390076C454 /* Main.storyboard */; };
		EF29CBCA235EE43D0076C454 /* Assets.xcassets in Resources */ = {isa = PBXBuildFile; fileRef = EF29CBC9235EE43D0076C454 /* Assets.xcassets */; };
		EF29CBCD235EE43D0076C454 /* LaunchScreen.storyboard in Resources */ = {isa = PBXBuildFile; fileRef = EF29CBCB235EE43D0076C454 /* LaunchScreen.storyboard */; };
		EFC19FA62362759A009C5BED /* DataModel.xcdatamodeld in Sources */ = {isa = PBXBuildFile; fileRef = EFC19FA42362759A009C5BED /* DataModel.xcdatamodeld */; };
		EFC19FCF23655E60009C5BED /* CategoryViewController.swift in Sources */ = {isa = PBXBuildFile; fileRef = EFC19FCE23655E60009C5BED /* CategoryViewController.swift */; };
/* End PBXBuildFile section */

/* Begin PBXFileReference section */
		EF29CBBD235EE4390076C454 /* TodoList-iOS.app */ = {isa = PBXFileReference; explicitFileType = wrapper.application; includeInIndex = 0; path = "TodoList-iOS.app"; sourceTree = BUILT_PRODUCTS_DIR; };
		EF29CBC0235EE4390076C454 /* AppDelegate.swift */ = {isa = PBXFileReference; lastKnownFileType = sourcecode.swift; path = AppDelegate.swift; sourceTree = "<group>"; };
		EF29CBC2235EE4390076C454 /* SceneDelegate.swift */ = {isa = PBXFileReference; lastKnownFileType = sourcecode.swift; path = SceneDelegate.swift; sourceTree = "<group>"; };
		EF29CBC4235EE4390076C454 /* TodoListViewController.swift */ = {isa = PBXFileReference; lastKnownFileType = sourcecode.swift; path = TodoListViewController.swift; sourceTree = "<group>"; };
		EF29CBC7235EE4390076C454 /* Base */ = {isa = PBXFileReference; lastKnownFileType = file.storyboard; name = Base; path = Base.lproj/Main.storyboard; sourceTree = "<group>"; };
		EF29CBC9235EE43D0076C454 /* Assets.xcassets */ = {isa = PBXFileReference; lastKnownFileType = folder.assetcatalog; path = Assets.xcassets; sourceTree = "<group>"; };
		EF29CBCC235EE43D0076C454 /* Base */ = {isa = PBXFileReference; lastKnownFileType = file.storyboard; name = Base; path = Base.lproj/LaunchScreen.storyboard; sourceTree = "<group>"; };
		EF29CBCE235EE43D0076C454 /* Info.plist */ = {isa = PBXFileReference; lastKnownFileType = text.plist.xml; path = Info.plist; sourceTree = "<group>"; };
		EF29CBD5235EF6300076C454 /* en */ = {isa = PBXFileReference; lastKnownFileType = text.plist.strings; name = en; path = en.lproj/Main.strings; sourceTree = "<group>"; };
		EFC19FA52362759A009C5BED /* DataModel.xcdatamodel */ = {isa = PBXFileReference; lastKnownFileType = wrapper.xcdatamodel; path = DataModel.xcdatamodel; sourceTree = "<group>"; };
		EFC19FCE23655E60009C5BED /* CategoryViewController.swift */ = {isa = PBXFileReference; lastKnownFileType = sourcecode.swift; path = CategoryViewController.swift; sourceTree = "<group>"; };
/* End PBXFileReference section */

/* Begin PBXFrameworksBuildPhase section */
		EF29CBBA235EE4390076C454 /* Frameworks */ = {
			isa = PBXFrameworksBuildPhase;
			buildActionMask = 2147483647;
			files = (
			);
			runOnlyForDeploymentPostprocessing = 0;
		};
/* End PBXFrameworksBuildPhase section */

/* Begin PBXGroup section */
		EF29CBB4235EE4390076C454 = {
			isa = PBXGroup;
			children = (
				EF29CBBF235EE4390076C454 /* TodoList-iOS */,
				EF29CBBE235EE4390076C454 /* Products */,
			);
			sourceTree = "<group>";
		};
		EF29CBBE235EE4390076C454 /* Products */ = {
			isa = PBXGroup;
			children = (
				EF29CBBD235EE4390076C454 /* TodoList-iOS.app */,
			);
			name = Products;
			sourceTree = "<group>";
		};
		EF29CBBF235EE4390076C454 /* TodoList-iOS */ = {
			isa = PBXGroup;
			children = (
				EF29CBC0235EE4390076C454 /* AppDelegate.swift */,
				EF29CBC2235EE4390076C454 /* SceneDelegate.swift */,
				EF29CBD72360A9FC0076C454 /* Controllers */,
				EF29CBDB2360AA310076C454 /* Data Model */,
				EF29CBD62360A9F00076C454 /* Views */,
				EFC8846823614A7100BAA86E /* Supporting Files */,
				EF29CBCE235EE43D0076C454 /* Info.plist */,
			);
			path = "TodoList-iOS";
			sourceTree = "<group>";
		};
		EF29CBD62360A9F00076C454 /* Views */ = {
			isa = PBXGroup;
			children = (
				EF29CBC6235EE4390076C454 /* Main.storyboard */,
			);
			path = Views;
			sourceTree = "<group>";
		};
		EF29CBD72360A9FC0076C454 /* Controllers */ = {
			isa = PBXGroup;
			children = (
				EFC19FCE23655E60009C5BED /* CategoryViewController.swift */,
				EF29CBC4235EE4390076C454 /* TodoListViewController.swift */,
			);
			path = Controllers;
			sourceTree = "<group>";
		};
		EF29CBDB2360AA310076C454 /* Data Model */ = {
			isa = PBXGroup;
			children = (
				EFC19FA42362759A009C5BED /* DataModel.xcdatamodeld */,
			);
			path = "Data Model";
			sourceTree = "<group>";
		};
		EFC8846823614A7100BAA86E /* Supporting Files */ = {
			isa = PBXGroup;
			children = (
				EF29CBC9235EE43D0076C454 /* Assets.xcassets */,
				EF29CBCB235EE43D0076C454 /* LaunchScreen.storyboard */,
			);
			path = "Supporting Files";
			sourceTree = "<group>";
		};
/* End PBXGroup section */

/* Begin PBXNativeTarget section */
		EF29CBBC235EE4390076C454 /* TodoList-iOS */ = {
			isa = PBXNativeTarget;
			buildConfigurationList = EF29CBD1235EE43D0076C454 /* Build configuration list for PBXNativeTarget "TodoList-iOS" */;
			buildPhases = (
				EF29CBB9235EE4390076C454 /* Sources */,
				EF29CBBA235EE4390076C454 /* Frameworks */,
				EF29CBBB235EE4390076C454 /* Resources */,
			);
			buildRules = (
			);
			dependencies = (
			);
			name = "TodoList-iOS";
			productName = "TodoList-iOS";
			productReference = EF29CBBD235EE4390076C454 /* TodoList-iOS.app */;
			productType = "com.apple.product-type.application";
		};
/* End PBXNativeTarget section */

/* Begin PBXProject section */
		EF29CBB5235EE4390076C454 /* Project object */ = {
			isa = PBXProject;
			attributes = {
				LastSwiftUpdateCheck = 1110;
				LastUpgradeCheck = 1110;
				ORGANIZATIONNAME = mlutfiibra;
				TargetAttributes = {
					EF29CBBC235EE4390076C454 = {
						CreatedOnToolsVersion = 11.1;
					};
				};
			};
			buildConfigurationList = EF29CBB8235EE4390076C454 /* Build configuration list for PBXProject "TodoList-iOS" */;
			compatibilityVersion = "Xcode 9.3";
			developmentRegion = en;
			hasScannedForEncodings = 0;
			knownRegions = (
				en,
				Base,
			);
			mainGroup = EF29CBB4235EE4390076C454;
			productRefGroup = EF29CBBE235EE4390076C454 /* Products */;
			projectDirPath = "";
			projectRoot = "";
			targets = (
				EF29CBBC235EE4390076C454 /* TodoList-iOS */,
			);
		};
/* End PBXProject section */

/* Begin PBXResourcesBuildPhase section */
		EF29CBBB235EE4390076C454 /* Resources */ = {
			isa = PBXResourcesBuildPhase;
			buildActionMask = 2147483647;
			files = (
				EF29CBCD235EE43D0076C454 /* LaunchScreen.storyboard in Resources */,
				EF29CBCA235EE43D0076C454 /* Assets.xcassets in Resources */,
				EF29CBC8235EE4390076C454 /* Main.storyboard in Resources */,
			);
			runOnlyForDeploymentPostprocessing = 0;
		};
/* End PBXResourcesBuildPhase section */

/* Begin PBXSourcesBuildPhase section */
		EF29CBB9235EE4390076C454 /* Sources */ = {
			isa = PBXSourcesBuildPhase;
			buildActionMask = 2147483647;
			files = (
				EFC19FCF23655E60009C5BED /* CategoryViewController.swift in Sources */,
				EFC19FA62362759A009C5BED /* DataModel.xcdatamodeld in Sources */,
				EF29CBC5235EE4390076C454 /* TodoListViewController.swift in Sources */,
				EF29CBC1235EE4390076C454 /* AppDelegate.swift in Sources */,
				EF29CBC3235EE4390076C454 /* SceneDelegate.swift in Sources */,
			);
			runOnlyForDeploymentPostprocessing = 0;
		};
/* End PBXSourcesBuildPhase section */

/* Begin PBXVariantGroup section */
		EF29CBC6235EE4390076C454 /* Main.storyboard */ = {
			isa = PBXVariantGroup;
			children = (
				EF29CBC7235EE4390076C454 /* Base */,
				EF29CBD5235EF6300076C454 /* en */,
			);
			name = Main.storyboard;
			sourceTree = "<group>";
		};
		EF29CBCB235EE43D0076C454 /* LaunchScreen.storyboard */ = {
			isa = PBXVariantGroup;
			children = (
				EF29CBCC235EE43D0076C454 /* Base */,
			);
			name = LaunchScreen.storyboard;
			sourceTree = "<group>";
		};
/* End PBXVariantGroup section */

/* Begin XCBuildConfiguration section */
		EF29CBCF235EE43D0076C454 /* Debug */ = {
			isa = XCBuildConfiguration;
			buildSettings = {
				ALWAYS_SEARCH_USER_PATHS = NO;
				CLANG_ANALYZER_NONNULL = YES;
				CLANG_ANALYZER_NUMBER_OBJECT_CONVERSION = YES_AGGRESSIVE;
				CLANG_CXX_LANGUAGE_STANDARD = "gnu++14";
				CLANG_CXX_LIBRARY = "libc++";
				CLANG_ENABLE_MODULES = YES;
				CLANG_ENABLE_OBJC_ARC = YES;
				CLANG_ENABLE_OBJC_WEAK = YES;
				CLANG_WARN_BLOCK_CAPTURE_AUTORELEASING = YES;
				CLANG_WARN_BOOL_CONVERSION = YES;
				CLANG_WARN_COMMA = YES;
				CLANG_WARN_CONSTANT_CONVERSION = YES;
				CLANG_WARN_DEPRECATED_OBJC_IMPLEMENTATIONS = YES;
				CLANG_WARN_DIRECT_OBJC_ISA_USAGE = YES_ERROR;
				CLANG_WARN_DOCUMENTATION_COMMENTS = YES;
				CLANG_WARN_EMPTY_BODY = YES;
				CLANG_WARN_ENUM_CONVERSION = YES;
				CLANG_WARN_INFINITE_RECURSION = YES;
				CLANG_WARN_INT_CONVERSION = YES;
				CLANG_WARN_NON_LITERAL_NULL_CONVERSION = YES;
				CLANG_WARN_OBJC_IMPLICIT_RETAIN_SELF = YES;
				CLANG_WARN_OBJC_LITERAL_CONVERSION = YES;
				CLANG_WARN_OBJC_ROOT_CLASS = YES_ERROR;
				CLANG_WARN_RANGE_LOOP_ANALYSIS = YES;
				CLANG_WARN_STRICT_PROTOTYPES = YES;
				CLANG_WARN_SUSPICIOUS_MOVE = YES;
				CLANG_WARN_UNGUARDED_AVAILABILITY = YES_AGGRESSIVE;
				CLANG_WARN_UNREACHABLE_CODE = YES;
				CLANG_WARN__DUPLICATE_METHOD_MATCH = YES;
				COPY_PHASE_STRIP = NO;
				DEBUG_INFORMATION_FORMAT = dwarf;
				ENABLE_STRICT_OBJC_MSGSEND = YES;
				ENABLE_TESTABILITY = YES;
				GCC_C_LANGUAGE_STANDARD = gnu11;
				GCC_DYNAMIC_NO_PIC = NO;
				GCC_NO_COMMON_BLOCKS = YES;
				GCC_OPTIMIZATION_LEVEL = 0;
				GCC_PREPROCESSOR_DEFINITIONS = (
					"DEBUG=1",
					"$(inherited)",
				);
				GCC_WARN_64_TO_32_BIT_CONVERSION = YES;
				GCC_WARN_ABOUT_RETURN_TYPE = YES_ERROR;
				GCC_WARN_UNDECLARED_SELECTOR = YES;
				GCC_WARN_UNINITIALIZED_AUTOS = YES_AGGRESSIVE;
				GCC_WARN_UNUSED_FUNCTION = YES;
				GCC_WARN_UNUSED_VARIABLE = YES;
				IPHONEOS_DEPLOYMENT_TARGET = 13.1;
				MTL_ENABLE_DEBUG_INFO = INCLUDE_SOURCE;
				MTL_FAST_MATH = YES;
				ONLY_ACTIVE_ARCH = YES;
				SDKROOT = iphoneos;
				SWIFT_ACTIVE_COMPILATION_CONDITIONS = DEBUG;
				SWIFT_OPTIMIZATION_LEVEL = "-Onone";
			};
			name = Debug;
		};
		EF29CBD0235EE43D0076C454 /* Release */ = {
			isa = XCBuildConfiguration;
			buildSettings = {
				ALWAYS_SEARCH_USER_PATHS = NO;
				CLANG_ANALYZER_NONNULL = YES;
				CLANG_ANALYZER_NUMBER_OBJECT_CONVERSION = YES_AGGRESSIVE;
				CLANG_CXX_LANGUAGE_STANDARD = "gnu++14";
				CLANG_CXX_LIBRARY = "libc++";
				CLANG_ENABLE_MODULES = YES;
				CLANG_ENABLE_OBJC_ARC = YES;
				CLANG_ENABLE_OBJC_WEAK = YES;
				CLANG_WARN_BLOCK_CAPTURE_AUTORELEASING = YES;
				CLANG_WARN_BOOL_CONVERSION = YES;
				CLANG_WARN_COMMA = YES;
				CLANG_WARN_CONSTANT_CONVERSION = YES;
				CLANG_WARN_DEPRECATED_OBJC_IMPLEMENTATIONS = YES;
				CLANG_WARN_DIRECT_OBJC_ISA_USAGE = YES_ERROR;
				CLANG_WARN_DOCUMENTATION_COMMENTS = YES;
				CLANG_WARN_EMPTY_BODY = YES;
				CLANG_WARN_ENUM_CONVERSION = YES;
				CLANG_WARN_INFINITE_RECURSION = YES;
				CLANG_WARN_INT_CONVERSION = YES;
				CLANG_WARN_NON_LITERAL_NULL_CONVERSION = YES;
				CLANG_WARN_OBJC_IMPLICIT_RETAIN_SELF = YES;
				CLANG_WARN_OBJC_LITERAL_CONVERSION = YES;
				CLANG_WARN_OBJC_ROOT_CLASS = YES_ERROR;
				CLANG_WARN_RANGE_LOOP_ANALYSIS = YES;
				CLANG_WARN_STRICT_PROTOTYPES = YES;
				CLANG_WARN_SUSPICIOUS_MOVE = YES;
				CLANG_WARN_UNGUARDED_AVAILABILITY = YES_AGGRESSIVE;
				CLANG_WARN_UNREACHABLE_CODE = YES;
				CLANG_WARN__DUPLICATE_METHOD_MATCH = YES;
				COPY_PHASE_STRIP = NO;
				DEBUG_INFORMATION_FORMAT = "dwarf-with-dsym";
				ENABLE_NS_ASSERTIONS = NO;
				ENABLE_STRICT_OBJC_MSGSEND = YES;
				GCC_C_LANGUAGE_STANDARD = gnu11;
				GCC_NO_COMMON_BLOCKS = YES;
				GCC_WARN_64_TO_32_BIT_CONVERSION = YES;
				GCC_WARN_ABOUT_RETURN_TYPE = YES_ERROR;
				GCC_WARN_UNDECLARED_SELECTOR = YES;
				GCC_WARN_UNINITIALIZED_AUTOS = YES_AGGRESSIVE;
				GCC_WARN_UNUSED_FUNCTION = YES;
				GCC_WARN_UNUSED_VARIABLE = YES;
				IPHONEOS_DEPLOYMENT_TARGET = 13.1;
				MTL_ENABLE_DEBUG_INFO = NO;
				MTL_FAST_MATH = YES;
				SDKROOT = iphoneos;
				SWIFT_COMPILATION_MODE = wholemodule;
				SWIFT_OPTIMIZATION_LEVEL = "-O";
				VALIDATE_PRODUCT = YES;
			};
			name = Release;
		};
		EF29CBD2235EE43D0076C454 /* Debug */ = {
			isa = XCBuildConfiguration;
			buildSettings = {
				ASSETCATALOG_COMPILER_APPICON_NAME = AppIcon;
				CODE_SIGN_STYLE = Automatic;
				DEVELOPMENT_TEAM = TQP5CLQG72;
				INFOPLIST_FILE = "TodoList-iOS/Info.plist";
				LD_RUNPATH_SEARCH_PATHS = (
					"$(inherited)",
					"@executable_path/Frameworks",
				);
				PRODUCT_BUNDLE_IDENTIFIER = "com.mlutfiibra.TodoList-iOS";
				PRODUCT_NAME = "$(TARGET_NAME)";
				SWIFT_VERSION = 5.0;
				TARGETED_DEVICE_FAMILY = "1,2";
			};
			name = Debug;
		};
		EF29CBD3235EE43D0076C454 /* Release */ = {
			isa = XCBuildConfiguration;
			buildSettings = {
				ASSETCATALOG_COMPILER_APPICON_NAME = AppIcon;
				CODE_SIGN_STYLE = Automatic;
				DEVELOPMENT_TEAM = TQP5CLQG72;
				INFOPLIST_FILE = "TodoList-iOS/Info.plist";
				LD_RUNPATH_SEARCH_PATHS = (
					"$(inherited)",
					"@executable_path/Frameworks",
				);
				PRODUCT_BUNDLE_IDENTIFIER = "com.mlutfiibra.TodoList-iOS";
				PRODUCT_NAME = "$(TARGET_NAME)";
				SWIFT_VERSION = 5.0;
				TARGETED_DEVICE_FAMILY = "1,2";
			};
			name = Release;
		};
/* End XCBuildConfiguration section */

/* Begin XCConfigurationList section */
		EF29CBB8235EE4390076C454 /* Build configuration list for PBXProject "TodoList-iOS" */ = {
			isa = XCConfigurationList;
			buildConfigurations = (
				EF29CBCF235EE43D0076C454 /* Debug */,
				EF29CBD0235EE43D0076C454 /* Release */,
			);
			defaultConfigurationIsVisible = 0;
			defaultConfigurationName = Release;
		};
		EF29CBD1235EE43D0076C454 /* Build configuration list for PBXNativeTarget "TodoList-iOS" */ = {
			isa = XCConfigurationList;
			buildConfigurations = (
				EF29CBD2235EE43D0076C454 /* Debug */,
				EF29CBD3235EE43D0076C454 /* Release */,
			);
			defaultConfigurationIsVisible = 0;
			defaultConfigurationName = Release;
		};
/* End XCConfigurationList section */

/* Begin XCVersionGroup section */
		EFC19FA42362759A009C5BED /* DataModel.xcdatamodeld */ = {
			isa = XCVersionGroup;
			children = (
				EFC19FA52362759A009C5BED /* DataModel.xcdatamodel */,
			);
			currentVersion = EFC19FA52362759A009C5BED /* DataModel.xcdatamodel */;
			path = DataModel.xcdatamodeld;
			sourceTree = "<group>";
			versionGroupType = wrapper.xcdatamodel;
		};
/* End XCVersionGroup section */
	};
	rootObject = EF29CBB5235EE4390076C454 /* Project object */;
}
